<?xml version="1.0" encoding="utf-8"?>
<Project ToolsVersion="17.0" xmlns="http://schemas.microsoft.com/developer/msbuild/2003">
  <ItemGroup>
    <CustomBuild Include="C:\UMAP\uwot_pure_cpp\build-test\CMakeFiles\2d2a95e3674ef3f93226ebfbc25c18c9\RUN_TESTS_force.rule">
      <Filter>CMake Rules</Filter>
    </CustomBuild>
  </ItemGroup>
  <ItemGroup>
    <Filter Include="CMake Rules">
      <UniqueIdentifier>{B9FE17FC-C114-3411-8133-71712A789FA4}</UniqueIdentifier>
    </Filter>
  </ItemGroup>
</Project>
