<?xml version="1.0" encoding="utf-8"?>
<Project ToolsVersion="17.0" xmlns="http://schemas.microsoft.com/developer/msbuild/2003">
  <ItemGroup>
    <ClCompile Include="C:\UMAP\uwot_pure_cpp\test_error_fixes_simple.cpp">
      <Filter>Source Files</Filter>
    </ClCompile>
  </ItemGroup>
  <ItemGroup>
    <CustomBuild Include="C:\UMAP\uwot_pure_cpp\CMakeLists.txt" />
  </ItemGroup>
  <ItemGroup>
    <Filter Include="Source Files">
      <UniqueIdentifier>{C398C0FD-CFD2-3AE5-926F-4711A2B354D4}</UniqueIdentifier>
    </Filter>
  </ItemGroup>
</Project>
