
Microsoft Visual Studio Solution File, Format Version 12.00
# Visual Studio Version 17
Project("{8BC9CEB8-8B4A-11D0-8D11-00A0C91BC942}") = "ALL_BUILD", "ALL_BUILD.vcxproj", "{795930F8-6BA0-36E6-B4AB-8BAD0BF58E9B}"
	ProjectSection(ProjectDependencies) = postProject
		{68970A67-74C9-30CC-BAF4-AAF1F96DCAC6} = {68970A67-74C9-30CC-BAF4-AAF1F96DCAC6}
		{4219D0F2-072B-303F-B35E-A9634557262C} = {4219D0F2-072B-303F-B35E-A9634557262C}
		{5EB44146-61E0-3F25-BF18-50E1DB2E473B} = {5EB44146-61E0-3F25-BF18-50E1DB2E473B}
		{DBF52A9C-1B5B-382A-9295-1FD676DF2B1F} = {DBF52A9C-1B5B-382A-9295-1FD676DF2B1F}
		{DE79B09C-7F9E-3A76-9EF8-30D6928F7C06} = {DE79B09C-7F9E-3A76-9EF8-30D6928F7C06}
		{83855468-7FC9-3A14-86D6-26428585D7D7} = {83855468-7FC9-3A14-86D6-26428585D7D7}
		{0469409F-0171-319B-AC91-39A2503477A0} = {0469409F-0171-319B-AC91-39A2503477A0}
		{D89DC88B-17B8-3A53-B399-F373AE5166FB} = {D89DC88B-17B8-3A53-B399-F373AE5166FB}
		{600D8B35-FE79-3858-8A12-0407BD3CB9C1} = {600D8B35-FE79-3858-8A12-0407BD3CB9C1}
	EndProjectSection
EndProject
Project("{8BC9CEB8-8B4A-11D0-8D11-00A0C91BC942}") = "INSTALL", "INSTALL.vcxproj", "{2130F7C9-90AF-305D-948A-B08ABE1CD736}"
	ProjectSection(ProjectDependencies) = postProject
		{795930F8-6BA0-36E6-B4AB-8BAD0BF58E9B} = {795930F8-6BA0-36E6-B4AB-8BAD0BF58E9B}
		{68970A67-74C9-30CC-BAF4-AAF1F96DCAC6} = {68970A67-74C9-30CC-BAF4-AAF1F96DCAC6}
	EndProjectSection
EndProject
Project("{8BC9CEB8-8B4A-11D0-8D11-00A0C91BC942}") = "ZERO_CHECK", "ZERO_CHECK.vcxproj", "{68970A67-74C9-30CC-BAF4-AAF1F96DCAC6}"
	ProjectSection(ProjectDependencies) = postProject
	EndProjectSection
EndProject
Project("{8BC9CEB8-8B4A-11D0-8D11-00A0C91BC942}") = "debug_large_save_load", "debug_large_save_load.vcxproj", "{4219D0F2-072B-303F-B35E-A9634557262C}"
	ProjectSection(ProjectDependencies) = postProject
		{68970A67-74C9-30CC-BAF4-AAF1F96DCAC6} = {68970A67-74C9-30CC-BAF4-AAF1F96DCAC6}
		{600D8B35-FE79-3858-8A12-0407BD3CB9C1} = {600D8B35-FE79-3858-8A12-0407BD3CB9C1}
	EndProjectSection
EndProject
Project("{8BC9CEB8-8B4A-11D0-8D11-00A0C91BC942}") = "simple_save_load_test", "simple_save_load_test.vcxproj", "{5EB44146-61E0-3F25-BF18-50E1DB2E473B}"
	ProjectSection(ProjectDependencies) = postProject
		{68970A67-74C9-30CC-BAF4-AAF1F96DCAC6} = {68970A67-74C9-30CC-BAF4-AAF1F96DCAC6}
		{600D8B35-FE79-3858-8A12-0407BD3CB9C1} = {600D8B35-FE79-3858-8A12-0407BD3CB9C1}
	EndProjectSection
EndProject
Project("{8BC9CEB8-8B4A-11D0-8D11-00A0C91BC942}") = "test_fixed_large_scale", "test_fixed_large_scale.vcxproj", "{DBF52A9C-1B5B-382A-9295-1FD676DF2B1F}"
	ProjectSection(ProjectDependencies) = postProject
		{68970A67-74C9-30CC-BAF4-AAF1F96DCAC6} = {68970A67-74C9-30CC-BAF4-AAF1F96DCAC6}
		{600D8B35-FE79-3858-8A12-0407BD3CB9C1} = {600D8B35-FE79-3858-8A12-0407BD3CB9C1}
	EndProjectSection
EndProject
Project("{8BC9CEB8-8B4A-11D0-8D11-00A0C91BC942}") = "test_hnsw_exact_mse_unified", "test_hnsw_exact_mse_unified.vcxproj", "{DE79B09C-7F9E-3A76-9EF8-30D6928F7C06}"
	ProjectSection(ProjectDependencies) = postProject
		{68970A67-74C9-30CC-BAF4-AAF1F96DCAC6} = {68970A67-74C9-30CC-BAF4-AAF1F96DCAC6}
		{600D8B35-FE79-3858-8A12-0407BD3CB9C1} = {600D8B35-FE79-3858-8A12-0407BD3CB9C1}
	EndProjectSection
EndProject
Project("{8BC9CEB8-8B4A-11D0-8D11-00A0C91BC942}") = "test_realistic_mse", "test_realistic_mse.vcxproj", "{83855468-7FC9-3A14-86D6-26428585D7D7}"
	ProjectSection(ProjectDependencies) = postProject
		{68970A67-74C9-30CC-BAF4-AAF1F96DCAC6} = {68970A67-74C9-30CC-BAF4-AAF1F96DCAC6}
		{600D8B35-FE79-3858-8A12-0407BD3CB9C1} = {600D8B35-FE79-3858-8A12-0407BD3CB9C1}
	EndProjectSection
EndProject
Project("{8BC9CEB8-8B4A-11D0-8D11-00A0C91BC942}") = "test_user_exact_params", "test_user_exact_params.vcxproj", "{0469409F-0171-319B-AC91-39A2503477A0}"
	ProjectSection(ProjectDependencies) = postProject
		{68970A67-74C9-30CC-BAF4-AAF1F96DCAC6} = {68970A67-74C9-30CC-BAF4-AAF1F96DCAC6}
		{600D8B35-FE79-3858-8A12-0407BD3CB9C1} = {600D8B35-FE79-3858-8A12-0407BD3CB9C1}
	EndProjectSection
EndProject
Project("{8BC9CEB8-8B4A-11D0-8D11-00A0C91BC942}") = "test_user_params", "test_user_params.vcxproj", "{D89DC88B-17B8-3A53-B399-F373AE5166FB}"
	ProjectSection(ProjectDependencies) = postProject
		{68970A67-74C9-30CC-BAF4-AAF1F96DCAC6} = {68970A67-74C9-30CC-BAF4-AAF1F96DCAC6}
		{600D8B35-FE79-3858-8A12-0407BD3CB9C1} = {600D8B35-FE79-3858-8A12-0407BD3CB9C1}
	EndProjectSection
EndProject
Project("{8BC9CEB8-8B4A-11D0-8D11-00A0C91BC942}") = "uwot_wrapper", "uwot_wrapper.vcxproj", "{600D8B35-FE79-3858-8A12-0407BD3CB9C1}"
	ProjectSection(ProjectDependencies) = postProject
		{68970A67-74C9-30CC-BAF4-AAF1F96DCAC6} = {68970A67-74C9-30CC-BAF4-AAF1F96DCAC6}
	EndProjectSection
EndProject
Global
	GlobalSection(SolutionConfigurationPlatforms) = preSolution
		Debug|x64 = Debug|x64
		Release|x64 = Release|x64
		MinSizeRel|x64 = MinSizeRel|x64
		RelWithDebInfo|x64 = RelWithDebInfo|x64
	EndGlobalSection
	GlobalSection(ProjectConfigurationPlatforms) = postSolution
		{795930F8-6BA0-36E6-B4AB-8BAD0BF58E9B}.Debug|x64.ActiveCfg = Debug|x64
		{795930F8-6BA0-36E6-B4AB-8BAD0BF58E9B}.Debug|x64.Build.0 = Debug|x64
		{795930F8-6BA0-36E6-B4AB-8BAD0BF58E9B}.Release|x64.ActiveCfg = Release|x64
		{795930F8-6BA0-36E6-B4AB-8BAD0BF58E9B}.Release|x64.Build.0 = Release|x64
		{795930F8-6BA0-36E6-B4AB-8BAD0BF58E9B}.MinSizeRel|x64.ActiveCfg = MinSizeRel|x64
		{795930F8-6BA0-36E6-B4AB-8BAD0BF58E9B}.MinSizeRel|x64.Build.0 = MinSizeRel|x64
		{795930F8-6BA0-36E6-B4AB-8BAD0BF58E9B}.RelWithDebInfo|x64.ActiveCfg = RelWithDebInfo|x64
		{795930F8-6BA0-36E6-B4AB-8BAD0BF58E9B}.RelWithDebInfo|x64.Build.0 = RelWithDebInfo|x64
		{2130F7C9-90AF-305D-948A-B08ABE1CD736}.Debug|x64.ActiveCfg = Debug|x64
		{2130F7C9-90AF-305D-948A-B08ABE1CD736}.Release|x64.ActiveCfg = Release|x64
		{2130F7C9-90AF-305D-948A-B08ABE1CD736}.MinSizeRel|x64.ActiveCfg = MinSizeRel|x64
		{2130F7C9-90AF-305D-948A-B08ABE1CD736}.RelWithDebInfo|x64.ActiveCfg = RelWithDebInfo|x64
		{68970A67-74C9-30CC-BAF4-AAF1F96DCAC6}.Debug|x64.ActiveCfg = Debug|x64
		{68970A67-74C9-30CC-BAF4-AAF1F96DCAC6}.Debug|x64.Build.0 = Debug|x64
		{68970A67-74C9-30CC-BAF4-AAF1F96DCAC6}.Release|x64.ActiveCfg = Release|x64
		{68970A67-74C9-30CC-BAF4-AAF1F96DCAC6}.Release|x64.Build.0 = Release|x64
		{68970A67-74C9-30CC-BAF4-AAF1F96DCAC6}.MinSizeRel|x64.ActiveCfg = MinSizeRel|x64
		{68970A67-74C9-30CC-BAF4-AAF1F96DCAC6}.MinSizeRel|x64.Build.0 = MinSizeRel|x64
		{68970A67-74C9-30CC-BAF4-AAF1F96DCAC6}.RelWithDebInfo|x64.ActiveCfg = RelWithDebInfo|x64
		{68970A67-74C9-30CC-BAF4-AAF1F96DCAC6}.RelWithDebInfo|x64.Build.0 = RelWithDebInfo|x64
		{4219D0F2-072B-303F-B35E-A9634557262C}.Debug|x64.ActiveCfg = Debug|x64
		{4219D0F2-072B-303F-B35E-A9634557262C}.Debug|x64.Build.0 = Debug|x64
		{4219D0F2-072B-303F-B35E-A9634557262C}.Release|x64.ActiveCfg = Release|x64
		{4219D0F2-072B-303F-B35E-A9634557262C}.Release|x64.Build.0 = Release|x64
		{4219D0F2-072B-303F-B35E-A9634557262C}.MinSizeRel|x64.ActiveCfg = MinSizeRel|x64
		{4219D0F2-072B-303F-B35E-A9634557262C}.MinSizeRel|x64.Build.0 = MinSizeRel|x64
		{4219D0F2-072B-303F-B35E-A9634557262C}.RelWithDebInfo|x64.ActiveCfg = RelWithDebInfo|x64
		{4219D0F2-072B-303F-B35E-A9634557262C}.RelWithDebInfo|x64.Build.0 = RelWithDebInfo|x64
		{5EB44146-61E0-3F25-BF18-50E1DB2E473B}.Debug|x64.ActiveCfg = Debug|x64
		{5EB44146-61E0-3F25-BF18-50E1DB2E473B}.Debug|x64.Build.0 = Debug|x64
		{5EB44146-61E0-3F25-BF18-50E1DB2E473B}.Release|x64.ActiveCfg = Release|x64
		{5EB44146-61E0-3F25-BF18-50E1DB2E473B}.Release|x64.Build.0 = Release|x64
		{5EB44146-61E0-3F25-BF18-50E1DB2E473B}.MinSizeRel|x64.ActiveCfg = MinSizeRel|x64
		{5EB44146-61E0-3F25-BF18-50E1DB2E473B}.MinSizeRel|x64.Build.0 = MinSizeRel|x64
		{5EB44146-61E0-3F25-BF18-50E1DB2E473B}.RelWithDebInfo|x64.ActiveCfg = RelWithDebInfo|x64
		{5EB44146-61E0-3F25-BF18-50E1DB2E473B}.RelWithDebInfo|x64.Build.0 = RelWithDebInfo|x64
		{DBF52A9C-1B5B-382A-9295-1FD676DF2B1F}.Debug|x64.ActiveCfg = Debug|x64
		{DBF52A9C-1B5B-382A-9295-1FD676DF2B1F}.Debug|x64.Build.0 = Debug|x64
		{DBF52A9C-1B5B-382A-9295-1FD676DF2B1F}.Release|x64.ActiveCfg = Release|x64
		{DBF52A9C-1B5B-382A-9295-1FD676DF2B1F}.Release|x64.Build.0 = Release|x64
		{DBF52A9C-1B5B-382A-9295-1FD676DF2B1F}.MinSizeRel|x64.ActiveCfg = MinSizeRel|x64
		{DBF52A9C-1B5B-382A-9295-1FD676DF2B1F}.MinSizeRel|x64.Build.0 = MinSizeRel|x64
		{DBF52A9C-1B5B-382A-9295-1FD676DF2B1F}.RelWithDebInfo|x64.ActiveCfg = RelWithDebInfo|x64
		{DBF52A9C-1B5B-382A-9295-1FD676DF2B1F}.RelWithDebInfo|x64.Build.0 = RelWithDebInfo|x64
		{DE79B09C-7F9E-3A76-9EF8-30D6928F7C06}.Debug|x64.ActiveCfg = Debug|x64
		{DE79B09C-7F9E-3A76-9EF8-30D6928F7C06}.Debug|x64.Build.0 = Debug|x64
		{DE79B09C-7F9E-3A76-9EF8-30D6928F7C06}.Release|x64.ActiveCfg = Release|x64
		{DE79B09C-7F9E-3A76-9EF8-30D6928F7C06}.Release|x64.Build.0 = Release|x64
		{DE79B09C-7F9E-3A76-9EF8-30D6928F7C06}.MinSizeRel|x64.ActiveCfg = MinSizeRel|x64
		{DE79B09C-7F9E-3A76-9EF8-30D6928F7C06}.MinSizeRel|x64.Build.0 = MinSizeRel|x64
		{DE79B09C-7F9E-3A76-9EF8-30D6928F7C06}.RelWithDebInfo|x64.ActiveCfg = RelWithDebInfo|x64
		{DE79B09C-7F9E-3A76-9EF8-30D6928F7C06}.RelWithDebInfo|x64.Build.0 = RelWithDebInfo|x64
		{83855468-7FC9-3A14-86D6-26428585D7D7}.Debug|x64.ActiveCfg = Debug|x64
		{83855468-7FC9-3A14-86D6-26428585D7D7}.Debug|x64.Build.0 = Debug|x64
		{83855468-7FC9-3A14-86D6-26428585D7D7}.Release|x64.ActiveCfg = Release|x64
		{83855468-7FC9-3A14-86D6-26428585D7D7}.Release|x64.Build.0 = Release|x64
		{83855468-7FC9-3A14-86D6-26428585D7D7}.MinSizeRel|x64.ActiveCfg = MinSizeRel|x64
		{83855468-7FC9-3A14-86D6-26428585D7D7}.MinSizeRel|x64.Build.0 = MinSizeRel|x64
		{83855468-7FC9-3A14-86D6-26428585D7D7}.RelWithDebInfo|x64.ActiveCfg = RelWithDebInfo|x64
		{83855468-7FC9-3A14-86D6-26428585D7D7}.RelWithDebInfo|x64.Build.0 = RelWithDebInfo|x64
		{0469409F-0171-319B-AC91-39A2503477A0}.Debug|x64.ActiveCfg = Debug|x64
		{0469409F-0171-319B-AC91-39A2503477A0}.Debug|x64.Build.0 = Debug|x64
		{0469409F-0171-319B-AC91-39A2503477A0}.Release|x64.ActiveCfg = Release|x64
		{0469409F-0171-319B-AC91-39A2503477A0}.Release|x64.Build.0 = Release|x64
		{0469409F-0171-319B-AC91-39A2503477A0}.MinSizeRel|x64.ActiveCfg = MinSizeRel|x64
		{0469409F-0171-319B-AC91-39A2503477A0}.MinSizeRel|x64.Build.0 = MinSizeRel|x64
		{0469409F-0171-319B-AC91-39A2503477A0}.RelWithDebInfo|x64.ActiveCfg = RelWithDebInfo|x64
		{0469409F-0171-319B-AC91-39A2503477A0}.RelWithDebInfo|x64.Build.0 = RelWithDebInfo|x64
		{D89DC88B-17B8-3A53-B399-F373AE5166FB}.Debug|x64.ActiveCfg = Debug|x64
		{D89DC88B-17B8-3A53-B399-F373AE5166FB}.Debug|x64.Build.0 = Debug|x64
		{D89DC88B-17B8-3A53-B399-F373AE5166FB}.Release|x64.ActiveCfg = Release|x64
		{D89DC88B-17B8-3A53-B399-F373AE5166FB}.Release|x64.Build.0 = Release|x64
		{D89DC88B-17B8-3A53-B399-F373AE5166FB}.MinSizeRel|x64.ActiveCfg = MinSizeRel|x64
		{D89DC88B-17B8-3A53-B399-F373AE5166FB}.MinSizeRel|x64.Build.0 = MinSizeRel|x64
		{D89DC88B-17B8-3A53-B399-F373AE5166FB}.RelWithDebInfo|x64.ActiveCfg = RelWithDebInfo|x64
		{D89DC88B-17B8-3A53-B399-F373AE5166FB}.RelWithDebInfo|x64.Build.0 = RelWithDebInfo|x64
		{600D8B35-FE79-3858-8A12-0407BD3CB9C1}.Debug|x64.ActiveCfg = Debug|x64
		{600D8B35-FE79-3858-8A12-0407BD3CB9C1}.Debug|x64.Build.0 = Debug|x64
		{600D8B35-FE79-3858-8A12-0407BD3CB9C1}.Release|x64.ActiveCfg = Release|x64
		{600D8B35-FE79-3858-8A12-0407BD3CB9C1}.Release|x64.Build.0 = Release|x64
		{600D8B35-FE79-3858-8A12-0407BD3CB9C1}.MinSizeRel|x64.ActiveCfg = MinSizeRel|x64
		{600D8B35-FE79-3858-8A12-0407BD3CB9C1}.MinSizeRel|x64.Build.0 = MinSizeRel|x64
		{600D8B35-FE79-3858-8A12-0407BD3CB9C1}.RelWithDebInfo|x64.ActiveCfg = RelWithDebInfo|x64
		{600D8B35-FE79-3858-8A12-0407BD3CB9C1}.RelWithDebInfo|x64.Build.0 = RelWithDebInfo|x64
	EndGlobalSection
	GlobalSection(ExtensibilityGlobals) = postSolution
		SolutionGuid = {173D2607-1269-3951-AE97-9BB56805FB28}
	EndGlobalSection
	GlobalSection(ExtensibilityAddIns) = postSolution
	EndGlobalSection
EndGlobal
