
Microsoft Visual Studio Solution File, Format Version 12.00
# Visual Studio Version 17
Project("{8BC9CEB8-8B4A-11D0-8D11-00A0C91BC942}") = "ALL_BUILD", "ALL_BUILD.vcxproj", "{795930F8-6BA0-36E6-B4AB-8BAD0BF58E9B}"
	ProjectSection(ProjectDependencies) = postProject
		{68970A67-74C9-30CC-BAF4-AAF1F96DCAC6} = {68970A67-74C9-30CC-BAF4-AAF1F96DCAC6}
		{1B1A9297-9259-3834-9AF1-9A1A45D75DAC} = {1B1A9297-9259-3834-9AF1-9A1A45D75DAC}
		{E2365E5F-9CC9-3BA9-8C36-7FF8D406CED8} = {E2365E5F-9CC9-3BA9-8C36-7FF8D406CED8}
		{CFA1AC3F-FFDF-355B-A03E-BD7A03CCA099} = {CFA1AC3F-FFDF-355B-A03E-BD7A03CCA099}
		{600D8B35-FE79-3858-8A12-0407BD3CB9C1} = {600D8B35-FE79-3858-8A12-0407BD3CB9C1}
	EndProjectSection
EndProject
Project("{8BC9CEB8-8B4A-11D0-8D11-00A0C91BC942}") = "INSTALL", "INSTALL.vcxproj", "{2130F7C9-90AF-305D-948A-B08ABE1CD736}"
	ProjectSection(ProjectDependencies) = postProject
		{795930F8-6BA0-36E6-B4AB-8BAD0BF58E9B} = {795930F8-6BA0-36E6-B4AB-8BAD0BF58E9B}
		{68970A67-74C9-30CC-BAF4-AAF1F96DCAC6} = {68970A67-74C9-30CC-BAF4-AAF1F96DCAC6}
	EndProjectSection
EndProject
Project("{8BC9CEB8-8B4A-11D0-8D11-00A0C91BC942}") = "RUN_TESTS", "RUN_TESTS.vcxproj", "{07F88143-6AFE-3EBA-96B3-3E99316CAA1B}"
	ProjectSection(ProjectDependencies) = postProject
		{68970A67-74C9-30CC-BAF4-AAF1F96DCAC6} = {68970A67-74C9-30CC-BAF4-AAF1F96DCAC6}
	EndProjectSection
EndProject
Project("{8BC9CEB8-8B4A-11D0-8D11-00A0C91BC942}") = "ZERO_CHECK", "ZERO_CHECK.vcxproj", "{68970A67-74C9-30CC-BAF4-AAF1F96DCAC6}"
	ProjectSection(ProjectDependencies) = postProject
	EndProjectSection
EndProject
Project("{8BC9CEB8-8B4A-11D0-8D11-00A0C91BC942}") = "comprehensive_test", "comprehensive_test.vcxproj", "{1B1A9297-9259-3834-9AF1-9A1A45D75DAC}"
	ProjectSection(ProjectDependencies) = postProject
		{68970A67-74C9-30CC-BAF4-AAF1F96DCAC6} = {68970A67-74C9-30CC-BAF4-AAF1F96DCAC6}
		{600D8B35-FE79-3858-8A12-0407BD3CB9C1} = {600D8B35-FE79-3858-8A12-0407BD3CB9C1}
	EndProjectSection
EndProject
Project("{8BC9CEB8-8B4A-11D0-8D11-00A0C91BC942}") = "hnsw_validation_test", "hnsw_validation_test.vcxproj", "{E2365E5F-9CC9-3BA9-8C36-7FF8D406CED8}"
	ProjectSection(ProjectDependencies) = postProject
		{68970A67-74C9-30CC-BAF4-AAF1F96DCAC6} = {68970A67-74C9-30CC-BAF4-AAF1F96DCAC6}
		{600D8B35-FE79-3858-8A12-0407BD3CB9C1} = {600D8B35-FE79-3858-8A12-0407BD3CB9C1}
	EndProjectSection
EndProject
Project("{8BC9CEB8-8B4A-11D0-8D11-00A0C91BC942}") = "test_enhanced_wrapper", "test_enhanced_wrapper.vcxproj", "{CFA1AC3F-FFDF-355B-A03E-BD7A03CCA099}"
	ProjectSection(ProjectDependencies) = postProject
		{68970A67-74C9-30CC-BAF4-AAF1F96DCAC6} = {68970A67-74C9-30CC-BAF4-AAF1F96DCAC6}
		{600D8B35-FE79-3858-8A12-0407BD3CB9C1} = {600D8B35-FE79-3858-8A12-0407BD3CB9C1}
	EndProjectSection
EndProject
Project("{8BC9CEB8-8B4A-11D0-8D11-00A0C91BC942}") = "uwot_wrapper", "uwot_wrapper.vcxproj", "{600D8B35-FE79-3858-8A12-0407BD3CB9C1}"
	ProjectSection(ProjectDependencies) = postProject
		{68970A67-74C9-30CC-BAF4-AAF1F96DCAC6} = {68970A67-74C9-30CC-BAF4-AAF1F96DCAC6}
	EndProjectSection
EndProject
Global
	GlobalSection(SolutionConfigurationPlatforms) = preSolution
		Debug|x64 = Debug|x64
		Release|x64 = Release|x64
		MinSizeRel|x64 = MinSizeRel|x64
		RelWithDebInfo|x64 = RelWithDebInfo|x64
	EndGlobalSection
	GlobalSection(ProjectConfigurationPlatforms) = postSolution
		{795930F8-6BA0-36E6-B4AB-8BAD0BF58E9B}.Debug|x64.ActiveCfg = Debug|x64
		{795930F8-6BA0-36E6-B4AB-8BAD0BF58E9B}.Debug|x64.Build.0 = Debug|x64
		{795930F8-6BA0-36E6-B4AB-8BAD0BF58E9B}.Release|x64.ActiveCfg = Release|x64
		{795930F8-6BA0-36E6-B4AB-8BAD0BF58E9B}.Release|x64.Build.0 = Release|x64
		{795930F8-6BA0-36E6-B4AB-8BAD0BF58E9B}.MinSizeRel|x64.ActiveCfg = MinSizeRel|x64
		{795930F8-6BA0-36E6-B4AB-8BAD0BF58E9B}.MinSizeRel|x64.Build.0 = MinSizeRel|x64
		{795930F8-6BA0-36E6-B4AB-8BAD0BF58E9B}.RelWithDebInfo|x64.ActiveCfg = RelWithDebInfo|x64
		{795930F8-6BA0-36E6-B4AB-8BAD0BF58E9B}.RelWithDebInfo|x64.Build.0 = RelWithDebInfo|x64
		{2130F7C9-90AF-305D-948A-B08ABE1CD736}.Debug|x64.ActiveCfg = Debug|x64
		{2130F7C9-90AF-305D-948A-B08ABE1CD736}.Release|x64.ActiveCfg = Release|x64
		{2130F7C9-90AF-305D-948A-B08ABE1CD736}.MinSizeRel|x64.ActiveCfg = MinSizeRel|x64
		{2130F7C9-90AF-305D-948A-B08ABE1CD736}.RelWithDebInfo|x64.ActiveCfg = RelWithDebInfo|x64
		{07F88143-6AFE-3EBA-96B3-3E99316CAA1B}.Debug|x64.ActiveCfg = Debug|x64
		{07F88143-6AFE-3EBA-96B3-3E99316CAA1B}.Release|x64.ActiveCfg = Release|x64
		{07F88143-6AFE-3EBA-96B3-3E99316CAA1B}.MinSizeRel|x64.ActiveCfg = MinSizeRel|x64
		{07F88143-6AFE-3EBA-96B3-3E99316CAA1B}.RelWithDebInfo|x64.ActiveCfg = RelWithDebInfo|x64
		{68970A67-74C9-30CC-BAF4-AAF1F96DCAC6}.Debug|x64.ActiveCfg = Debug|x64
		{68970A67-74C9-30CC-BAF4-AAF1F96DCAC6}.Debug|x64.Build.0 = Debug|x64
		{68970A67-74C9-30CC-BAF4-AAF1F96DCAC6}.Release|x64.ActiveCfg = Release|x64
		{68970A67-74C9-30CC-BAF4-AAF1F96DCAC6}.Release|x64.Build.0 = Release|x64
		{68970A67-74C9-30CC-BAF4-AAF1F96DCAC6}.MinSizeRel|x64.ActiveCfg = MinSizeRel|x64
		{68970A67-74C9-30CC-BAF4-AAF1F96DCAC6}.MinSizeRel|x64.Build.0 = MinSizeRel|x64
		{68970A67-74C9-30CC-BAF4-AAF1F96DCAC6}.RelWithDebInfo|x64.ActiveCfg = RelWithDebInfo|x64
		{68970A67-74C9-30CC-BAF4-AAF1F96DCAC6}.RelWithDebInfo|x64.Build.0 = RelWithDebInfo|x64
		{1B1A9297-9259-3834-9AF1-9A1A45D75DAC}.Debug|x64.ActiveCfg = Debug|x64
		{1B1A9297-9259-3834-9AF1-9A1A45D75DAC}.Debug|x64.Build.0 = Debug|x64
		{1B1A9297-9259-3834-9AF1-9A1A45D75DAC}.Release|x64.ActiveCfg = Release|x64
		{1B1A9297-9259-3834-9AF1-9A1A45D75DAC}.Release|x64.Build.0 = Release|x64
		{1B1A9297-9259-3834-9AF1-9A1A45D75DAC}.MinSizeRel|x64.ActiveCfg = MinSizeRel|x64
		{1B1A9297-9259-3834-9AF1-9A1A45D75DAC}.MinSizeRel|x64.Build.0 = MinSizeRel|x64
		{1B1A9297-9259-3834-9AF1-9A1A45D75DAC}.RelWithDebInfo|x64.ActiveCfg = RelWithDebInfo|x64
		{1B1A9297-9259-3834-9AF1-9A1A45D75DAC}.RelWithDebInfo|x64.Build.0 = RelWithDebInfo|x64
		{E2365E5F-9CC9-3BA9-8C36-7FF8D406CED8}.Debug|x64.ActiveCfg = Debug|x64
		{E2365E5F-9CC9-3BA9-8C36-7FF8D406CED8}.Debug|x64.Build.0 = Debug|x64
		{E2365E5F-9CC9-3BA9-8C36-7FF8D406CED8}.Release|x64.ActiveCfg = Release|x64
		{E2365E5F-9CC9-3BA9-8C36-7FF8D406CED8}.Release|x64.Build.0 = Release|x64
		{E2365E5F-9CC9-3BA9-8C36-7FF8D406CED8}.MinSizeRel|x64.ActiveCfg = MinSizeRel|x64
		{E2365E5F-9CC9-3BA9-8C36-7FF8D406CED8}.MinSizeRel|x64.Build.0 = MinSizeRel|x64
		{E2365E5F-9CC9-3BA9-8C36-7FF8D406CED8}.RelWithDebInfo|x64.ActiveCfg = RelWithDebInfo|x64
		{E2365E5F-9CC9-3BA9-8C36-7FF8D406CED8}.RelWithDebInfo|x64.Build.0 = RelWithDebInfo|x64
		{CFA1AC3F-FFDF-355B-A03E-BD7A03CCA099}.Debug|x64.ActiveCfg = Debug|x64
		{CFA1AC3F-FFDF-355B-A03E-BD7A03CCA099}.Debug|x64.Build.0 = Debug|x64
		{CFA1AC3F-FFDF-355B-A03E-BD7A03CCA099}.Release|x64.ActiveCfg = Release|x64
		{CFA1AC3F-FFDF-355B-A03E-BD7A03CCA099}.Release|x64.Build.0 = Release|x64
		{CFA1AC3F-FFDF-355B-A03E-BD7A03CCA099}.MinSizeRel|x64.ActiveCfg = MinSizeRel|x64
		{CFA1AC3F-FFDF-355B-A03E-BD7A03CCA099}.MinSizeRel|x64.Build.0 = MinSizeRel|x64
		{CFA1AC3F-FFDF-355B-A03E-BD7A03CCA099}.RelWithDebInfo|x64.ActiveCfg = RelWithDebInfo|x64
		{CFA1AC3F-FFDF-355B-A03E-BD7A03CCA099}.RelWithDebInfo|x64.Build.0 = RelWithDebInfo|x64
		{600D8B35-FE79-3858-8A12-0407BD3CB9C1}.Debug|x64.ActiveCfg = Debug|x64
		{600D8B35-FE79-3858-8A12-0407BD3CB9C1}.Debug|x64.Build.0 = Debug|x64
		{600D8B35-FE79-3858-8A12-0407BD3CB9C1}.Release|x64.ActiveCfg = Release|x64
		{600D8B35-FE79-3858-8A12-0407BD3CB9C1}.Release|x64.Build.0 = Release|x64
		{600D8B35-FE79-3858-8A12-0407BD3CB9C1}.MinSizeRel|x64.ActiveCfg = MinSizeRel|x64
		{600D8B35-FE79-3858-8A12-0407BD3CB9C1}.MinSizeRel|x64.Build.0 = MinSizeRel|x64
		{600D8B35-FE79-3858-8A12-0407BD3CB9C1}.RelWithDebInfo|x64.ActiveCfg = RelWithDebInfo|x64
		{600D8B35-FE79-3858-8A12-0407BD3CB9C1}.RelWithDebInfo|x64.Build.0 = RelWithDebInfo|x64
	EndGlobalSection
	GlobalSection(ExtensibilityGlobals) = postSolution
		SolutionGuid = {173D2607-1269-3951-AE97-9BB56805FB28}
	EndGlobalSection
	GlobalSection(ExtensibilityAddIns) = postSolution
	EndGlobalSection
EndGlobal
